
Microsoft Visual Studio Solution File, Format Version 12.00
Project("{FAE04EC0-301F-11D3-BF4B-00C04F79EFBC}") = "FoodyNotes.Web", "FoodyNotes.Web\FoodyNotes.Web.csproj", "{D7E0A45B-187A-4E0E-81C5-0BAC00E91277}"
EndProject
Project("{FAE04EC0-301F-11D3-BF4B-00C04F79EFBC}") = "FoodyNotes.Entities", "FoodyNotes.Entities\FoodyNotes.Entities.csproj", "{8DC63A41-80D7-453D-B3E2-31661A5E74B7}"
EndProject
Project("{FAE04EC0-301F-11D3-BF4B-00C04F79EFBC}") = "FoodyNotes.UseCases", "FoodyNotes.UseCases\FoodyNotes.UseCases.csproj", "{78C951A4-12BF-4078-A407-F0EFC577E81D}"
EndProject
Project("{FAE04EC0-301F-11D3-BF4B-00C04F79EFBC}") = "FoodyNotes.Utils", "FoodyNotes.Utils\FoodyNotes.Utils.csproj", "{2F77AA2F-89E0-4332-AA0C-147C57715D00}"
EndProject
Project("{FAE04EC0-301F-11D3-BF4B-00C04F79EFBC}") = "FoodyNotes.Infrastructure.Interfaces", "FoodyNotes.Infrastructure.Interfaces\FoodyNotes.Infrastructure.Interfaces.csproj", "{BAFBC5CC-6616-4EF8-83EE-511310C1849C}"
EndProject
Project("{FAE04EC0-301F-11D3-BF4B-00C04F79EFBC}") = "FoodyNotes.Infrastructure.Implementation", "FoodyNotes.Infrastructure.Implementation\FoodyNotes.Infrastructure.Implementation.csproj", "{08060B50-BD19-46C5-BACE-0E3E4575E77E}"
EndProject
Project("{FAE04EC0-301F-11D3-BF4B-00C04F79EFBC}") = "FoodyNotes.DataAccess", "FoodyNotes.DataAccess\FoodyNotes.DataAccess.csproj", "{A188AF31-A90F-4194-BC99-57CEC80202AE}"
EndProject
Project("{2150E333-8FDC-42A3-9474-1A3956D46DE8}") = "0 Utils", "0 Utils", "{FA72F5F0-C085-4705-9CC6-0E937391DACD}"
EndProject
Project("{2150E333-8FDC-42A3-9474-1A3956D46DE8}") = "1 Entities", "1 Entities", "{3CBB9D0A-DD9F-4856-8D32-F79894E895F1}"
EndProject
Project("{2150E333-8FDC-42A3-9474-1A3956D46DE8}") = "2 UseCases", "2 UseCases", "{0F3778D1-B276-4D36-A297-5790434872E6}"
EndProject
Project("{2150E333-8FDC-42A3-9474-1A3956D46DE8}") = "3 Frameworks", "3 Frameworks", "{2351B5F1-3884-42F2-913F-BBED9B856270}"
EndProject
Global
	GlobalSection(SolutionConfigurationPlatforms) = preSolution
		Debug|Any CPU = Debug|Any CPU
		Release|Any CPU = Release|Any CPU
	EndGlobalSection
	GlobalSection(ProjectConfigurationPlatforms) = postSolution
		{D7E0A45B-187A-4E0E-81C5-0BAC00E91277}.Debug|Any CPU.ActiveCfg = Debug|Any CPU
		{D7E0A45B-187A-4E0E-81C5-0BAC00E91277}.Debug|Any CPU.Build.0 = Debug|Any CPU
		{D7E0A45B-187A-4E0E-81C5-0BAC00E91277}.Release|Any CPU.ActiveCfg = Release|Any CPU
		{D7E0A45B-187A-4E0E-81C5-0BAC00E91277}.Release|Any CPU.Build.0 = Release|Any CPU
		{8DC63A41-80D7-453D-B3E2-31661A5E74B7}.Debug|Any CPU.ActiveCfg = Debug|Any CPU
		{8DC63A41-80D7-453D-B3E2-31661A5E74B7}.Debug|Any CPU.Build.0 = Debug|Any CPU
		{8DC63A41-80D7-453D-B3E2-31661A5E74B7}.Release|Any CPU.ActiveCfg = Release|Any CPU
		{8DC63A41-80D7-453D-B3E2-31661A5E74B7}.Release|Any CPU.Build.0 = Release|Any CPU
		{78C951A4-12BF-4078-A407-F0EFC577E81D}.Debug|Any CPU.ActiveCfg = Debug|Any CPU
		{78C951A4-12BF-4078-A407-F0EFC577E81D}.Debug|Any CPU.Build.0 = Debug|Any CPU
		{78C951A4-12BF-4078-A407-F0EFC577E81D}.Release|Any CPU.ActiveCfg = Release|Any CPU
		{78C951A4-12BF-4078-A407-F0EFC577E81D}.Release|Any CPU.Build.0 = Release|Any CPU
		{2F77AA2F-89E0-4332-AA0C-147C57715D00}.Debug|Any CPU.ActiveCfg = Debug|Any CPU
		{2F77AA2F-89E0-4332-AA0C-147C57715D00}.Debug|Any CPU.Build.0 = Debug|Any CPU
		{2F77AA2F-89E0-4332-AA0C-147C57715D00}.Release|Any CPU.ActiveCfg = Release|Any CPU
		{2F77AA2F-89E0-4332-AA0C-147C57715D00}.Release|Any CPU.Build.0 = Release|Any CPU
		{BAFBC5CC-6616-4EF8-83EE-511310C1849C}.Debug|Any CPU.ActiveCfg = Debug|Any CPU
		{BAFBC5CC-6616-4EF8-83EE-511310C1849C}.Debug|Any CPU.Build.0 = Debug|Any CPU
		{BAFBC5CC-6616-4EF8-83EE-511310C1849C}.Release|Any CPU.ActiveCfg = Release|Any CPU
		{BAFBC5CC-6616-4EF8-83EE-511310C1849C}.Release|Any CPU.Build.0 = Release|Any CPU
		{08060B50-BD19-46C5-BACE-0E3E4575E77E}.Debug|Any CPU.ActiveCfg = Debug|Any CPU
		{08060B50-BD19-46C5-BACE-0E3E4575E77E}.Debug|Any CPU.Build.0 = Debug|Any CPU
		{08060B50-BD19-46C5-BACE-0E3E4575E77E}.Release|Any CPU.ActiveCfg = Release|Any CPU
		{08060B50-BD19-46C5-BACE-0E3E4575E77E}.Release|Any CPU.Build.0 = Release|Any CPU
		{A188AF31-A90F-4194-BC99-57CEC80202AE}.Debug|Any CPU.ActiveCfg = Debug|Any CPU
		{A188AF31-A90F-4194-BC99-57CEC80202AE}.Debug|Any CPU.Build.0 = Debug|Any CPU
		{A188AF31-A90F-4194-BC99-57CEC80202AE}.Release|Any CPU.ActiveCfg = Release|Any CPU
		{A188AF31-A90F-4194-BC99-57CEC80202AE}.Release|Any CPU.Build.0 = Release|Any CPU
	EndGlobalSection
	GlobalSection(NestedProjects) = preSolution
		{2F77AA2F-89E0-4332-AA0C-147C57715D00} = {FA72F5F0-C085-4705-9CC6-0E937391DACD}
		{8DC63A41-80D7-453D-B3E2-31661A5E74B7} = {3CBB9D0A-DD9F-4856-8D32-F79894E895F1}
		{78C951A4-12BF-4078-A407-F0EFC577E81D} = {0F3778D1-B276-4D36-A297-5790434872E6}
		{BAFBC5CC-6616-4EF8-83EE-511310C1849C} = {0F3778D1-B276-4D36-A297-5790434872E6}
		{D7E0A45B-187A-4E0E-81C5-0BAC00E91277} = {2351B5F1-3884-42F2-913F-BBED9B856270}
		{A188AF31-A90F-4194-BC99-57CEC80202AE} = {2351B5F1-3884-42F2-913F-BBED9B856270}
		{08060B50-BD19-46C5-BACE-0E3E4575E77E} = {2351B5F1-3884-42F2-913F-BBED9B856270}
	EndGlobalSection
	GlobalSection(NestedProjects) = preSolution
		{2F77AA2F-89E0-4332-AA0C-147C57715D00} = {DE96449A-DDD9-4667-A537-E32E62FD0E4C}
		{8DC63A41-80D7-453D-B3E2-31661A5E74B7} = {EF3B3EDF-7B00-43A7-935B-AA61554C127F}
	EndGlobalSection
EndGlobal
